
Microsoft Visual Studio Solution File, Format Version 11.00
# Visual Studio 2010
Project("{8BC9CEB8-8B4A-11D0-8D11-00A0C91BC942}") = "emeshellx", "emeshellx.vcxproj", "{F6290F34-F880-4634-99FF-67B4D9108B81}"
EndProject
Project("{8BC9CEB8-8B4A-11D0-8D11-00A0C91BC942}") = "ep3shellx", "ep3shellx.vcxproj", "{BA8923C0-E549-4FD2-9A0F-A57D81782553}"
EndProject
Project("{8BC9CEB8-8B4A-11D0-8D11-00A0C91BC942}") = "meshellx", "meshellx.vcxproj", "{7C2FCB7D-5AD3-4CD8-873F-ED692C6CE9BF}"
EndProject
Project("{8BC9CEB8-8B4A-11D0-8D11-00A0C91BC942}") = "nppshellx", "nppshellx.vcxproj", "{D503E0AF-9701-4B88-B317-D5EA6DC135B4}"
EndProject
Project("{8BC9CEB8-8B4A-11D0-8D11-00A0C91BC942}") = "pn2shellx", "pn2shellx.vcxproj", "{26A4EE82-5AD3-4EB5-9992-02959052813E}"
EndProject
Project("{8BC9CEB8-8B4A-11D0-8D11-00A0C91BC942}") = "su2shellx", "su2shellx.vcxproj", "{89D86812-BC75-40E3-A1F4-1142F8A65875}"
EndProject
Project("{8BC9CEB8-8B4A-11D0-8D11-00A0C91BC942}") = "su3shellx", "su3shellx.vcxproj", "{B5183DE8-827D-4019-B0B3-174C4FFB5608}"
EndProject
Project("{8BC9CEB8-8B4A-11D0-8D11-00A0C91BC942}") = "tpshellx", "tpshellx.vcxproj", "{A85931DD-3D4A-4C89-8E99-068E89AD32C8}"
EndProject
Project("{8BC9CEB8-8B4A-11D0-8D11-00A0C91BC942}") = "ueshellx", "ueshellx.vcxproj", "{10C5849F-D8A2-4B68-AC20-0D21989931D4}"
EndProject
Project("{8BC9CEB8-8B4A-11D0-8D11-00A0C91BC942}") = "uesshellx", "uesshellx.vcxproj", "{4F8878CF-39B0-468C-93A9-A9C1D9A475CF}"
EndProject
Project("{8BC9CEB8-8B4A-11D0-8D11-00A0C91BC942}") = "zshellx", "zshellx.vcxproj", "{7E46CD59-4B6B-4801-8DA8-E315518AC956}"
EndProject
Project("{8BC9CEB8-8B4A-11D0-8D11-00A0C91BC942}") = "pspshellx", "pspshellx.vcxproj", "{6599F105-0BD9-4F4F-B4EF-5D656D803A59}"
EndProject
Project("{8BC9CEB8-8B4A-11D0-8D11-00A0C91BC942}") = "seshellx", "seshellx.vcxproj", "{A6E79B78-5427-4176-B234-DD1FEC6D9A7F}"
EndProject
Project("{8BC9CEB8-8B4A-11D0-8D11-00A0C91BC942}") = "kshellx", "kshellx.vcxproj", "{A5EFC924-6CBE-4C8E-B785-CDB85395A158}"
EndProject
Project("{8BC9CEB8-8B4A-11D0-8D11-00A0C91BC942}") = "scishellx", "scishellx.vcxproj", "{7AE0D643-B262-4DA8-948E-5CA00B35C9A0}"
EndProject
Project("{8BC9CEB8-8B4A-11D0-8D11-00A0C91BC942}") = "vshellx", "vshellx.vcxproj", "{2E7AF33B-29C7-474F-A0BD-E431D83B366C}"
EndProject
Project("{8BC9CEB8-8B4A-11D0-8D11-00A0C91BC942}") = "vimshellx", "vimshellx.vcxproj", "{A835E116-D711-4F17-9A63-8D8CE2AF3B9B}"
EndProject
Project("{8BC9CEB8-8B4A-11D0-8D11-00A0C91BC942}") = "eppshellx", "eppshellx.vcxproj", "{560D4F1E-96E3-4DDC-87D2-0DA3D6CA4093}"
EndProject
Global
	GlobalSection(SolutionConfigurationPlatforms) = preSolution
		Debug|Win32 = Debug|Win32
		Debug|x64 = Debug|x64
		Release|Win32 = Release|Win32
		Release|x64 = Release|x64
	EndGlobalSection
	GlobalSection(ProjectConfigurationPlatforms) = postSolution
		{F6290F34-F880-4634-99FF-67B4D9108B81}.Debug|Win32.ActiveCfg = Debug|Win32
		{F6290F34-F880-4634-99FF-67B4D9108B81}.Debug|Win32.Build.0 = Debug|Win32
		{F6290F34-F880-4634-99FF-67B4D9108B81}.Debug|x64.ActiveCfg = Debug|x64
		{F6290F34-F880-4634-99FF-67B4D9108B81}.Debug|x64.Build.0 = Debug|x64
		{F6290F34-F880-4634-99FF-67B4D9108B81}.Release|Win32.ActiveCfg = Release|Win32
		{F6290F34-F880-4634-99FF-67B4D9108B81}.Release|Win32.Build.0 = Release|Win32
		{F6290F34-F880-4634-99FF-67B4D9108B81}.Release|x64.ActiveCfg = Release|x64
		{F6290F34-F880-4634-99FF-67B4D9108B81}.Release|x64.Build.0 = Release|x64
		{BA8923C0-E549-4FD2-9A0F-A57D81782553}.Debug|Win32.ActiveCfg = Debug|Win32
		{BA8923C0-E549-4FD2-9A0F-A57D81782553}.Debug|Win32.Build.0 = Debug|Win32
		{BA8923C0-E549-4FD2-9A0F-A57D81782553}.Debug|x64.ActiveCfg = Debug|x64
		{BA8923C0-E549-4FD2-9A0F-A57D81782553}.Debug|x64.Build.0 = Debug|x64
		{BA8923C0-E549-4FD2-9A0F-A57D81782553}.Release|Win32.ActiveCfg = Release|Win32
		{BA8923C0-E549-4FD2-9A0F-A57D81782553}.Release|Win32.Build.0 = Release|Win32
		{BA8923C0-E549-4FD2-9A0F-A57D81782553}.Release|x64.ActiveCfg = Release|x64
		{BA8923C0-E549-4FD2-9A0F-A57D81782553}.Release|x64.Build.0 = Release|x64
		{7C2FCB7D-5AD3-4CD8-873F-ED692C6CE9BF}.Debug|Win32.ActiveCfg = Debug|Win32
		{7C2FCB7D-5AD3-4CD8-873F-ED692C6CE9BF}.Debug|Win32.Build.0 = Debug|Win32
		{7C2FCB7D-5AD3-4CD8-873F-ED692C6CE9BF}.Debug|x64.ActiveCfg = Debug|x64
		{7C2FCB7D-5AD3-4CD8-873F-ED692C6CE9BF}.Debug|x64.Build.0 = Debug|x64
		{7C2FCB7D-5AD3-4CD8-873F-ED692C6CE9BF}.Release|Win32.ActiveCfg = Release|Win32
		{7C2FCB7D-5AD3-4CD8-873F-ED692C6CE9BF}.Release|Win32.Build.0 = Release|Win32
		{7C2FCB7D-5AD3-4CD8-873F-ED692C6CE9BF}.Release|x64.ActiveCfg = Release|x64
		{7C2FCB7D-5AD3-4CD8-873F-ED692C6CE9BF}.Release|x64.Build.0 = Release|x64
		{D503E0AF-9701-4B88-B317-D5EA6DC135B4}.Debug|Win32.ActiveCfg = Debug|Win32
		{D503E0AF-9701-4B88-B317-D5EA6DC135B4}.Debug|Win32.Build.0 = Debug|Win32
		{D503E0AF-9701-4B88-B317-D5EA6DC135B4}.Debug|x64.ActiveCfg = Debug|x64
		{D503E0AF-9701-4B88-B317-D5EA6DC135B4}.Debug|x64.Build.0 = Debug|x64
		{D503E0AF-9701-4B88-B317-D5EA6DC135B4}.Release|Win32.ActiveCfg = Release|Win32
		{D503E0AF-9701-4B88-B317-D5EA6DC135B4}.Release|Win32.Build.0 = Release|Win32
		{D503E0AF-9701-4B88-B317-D5EA6DC135B4}.Release|x64.ActiveCfg = Release|x64
		{D503E0AF-9701-4B88-B317-D5EA6DC135B4}.Release|x64.Build.0 = Release|x64
		{26A4EE82-5AD3-4EB5-9992-02959052813E}.Debug|Win32.ActiveCfg = Debug|Win32
		{26A4EE82-5AD3-4EB5-9992-02959052813E}.Debug|Win32.Build.0 = Debug|Win32
		{26A4EE82-5AD3-4EB5-9992-02959052813E}.Debug|x64.ActiveCfg = Debug|x64
		{26A4EE82-5AD3-4EB5-9992-02959052813E}.Debug|x64.Build.0 = Debug|x64
		{26A4EE82-5AD3-4EB5-9992-02959052813E}.Release|Win32.ActiveCfg = Release|Win32
		{26A4EE82-5AD3-4EB5-9992-02959052813E}.Release|Win32.Build.0 = Release|Win32
		{26A4EE82-5AD3-4EB5-9992-02959052813E}.Release|x64.ActiveCfg = Release|x64
		{26A4EE82-5AD3-4EB5-9992-02959052813E}.Release|x64.Build.0 = Release|x64
		{89D86812-BC75-40E3-A1F4-1142F8A65875}.Debug|Win32.ActiveCfg = Debug|Win32
		{89D86812-BC75-40E3-A1F4-1142F8A65875}.Debug|Win32.Build.0 = Debug|Win32
		{89D86812-BC75-40E3-A1F4-1142F8A65875}.Debug|x64.ActiveCfg = Debug|x64
		{89D86812-BC75-40E3-A1F4-1142F8A65875}.Debug|x64.Build.0 = Debug|x64
		{89D86812-BC75-40E3-A1F4-1142F8A65875}.Release|Win32.ActiveCfg = Release|Win32
		{89D86812-BC75-40E3-A1F4-1142F8A65875}.Release|Win32.Build.0 = Release|Win32
		{89D86812-BC75-40E3-A1F4-1142F8A65875}.Release|x64.ActiveCfg = Release|x64
		{89D86812-BC75-40E3-A1F4-1142F8A65875}.Release|x64.Build.0 = Release|x64
		{B5183DE8-827D-4019-B0B3-174C4FFB5608}.Debug|Win32.ActiveCfg = Debug|Win32
		{B5183DE8-827D-4019-B0B3-174C4FFB5608}.Debug|Win32.Build.0 = Debug|Win32
		{B5183DE8-827D-4019-B0B3-174C4FFB5608}.Debug|x64.ActiveCfg = Debug|x64
		{B5183DE8-827D-4019-B0B3-174C4FFB5608}.Debug|x64.Build.0 = Debug|x64
		{B5183DE8-827D-4019-B0B3-174C4FFB5608}.Release|Win32.ActiveCfg = Release|Win32
		{B5183DE8-827D-4019-B0B3-174C4FFB5608}.Release|Win32.Build.0 = Release|Win32
		{B5183DE8-827D-4019-B0B3-174C4FFB5608}.Release|x64.ActiveCfg = Release|x64
		{B5183DE8-827D-4019-B0B3-174C4FFB5608}.Release|x64.Build.0 = Release|x64
		{A85931DD-3D4A-4C89-8E99-068E89AD32C8}.Debug|Win32.ActiveCfg = Debug|Win32
		{A85931DD-3D4A-4C89-8E99-068E89AD32C8}.Debug|Win32.Build.0 = Debug|Win32
		{A85931DD-3D4A-4C89-8E99-068E89AD32C8}.Debug|x64.ActiveCfg = Debug|x64
		{A85931DD-3D4A-4C89-8E99-068E89AD32C8}.Debug|x64.Build.0 = Debug|x64
		{A85931DD-3D4A-4C89-8E99-068E89AD32C8}.Release|Win32.ActiveCfg = Release|Win32
		{A85931DD-3D4A-4C89-8E99-068E89AD32C8}.Release|Win32.Build.0 = Release|Win32
		{A85931DD-3D4A-4C89-8E99-068E89AD32C8}.Release|x64.ActiveCfg = Release|x64
		{A85931DD-3D4A-4C89-8E99-068E89AD32C8}.Release|x64.Build.0 = Release|x64
		{10C5849F-D8A2-4B68-AC20-0D21989931D4}.Debug|Win32.ActiveCfg = Debug|Win32
		{10C5849F-D8A2-4B68-AC20-0D21989931D4}.Debug|Win32.Build.0 = Debug|Win32
		{10C5849F-D8A2-4B68-AC20-0D21989931D4}.Debug|x64.ActiveCfg = Debug|x64
		{10C5849F-D8A2-4B68-AC20-0D21989931D4}.Debug|x64.Build.0 = Debug|x64
		{10C5849F-D8A2-4B68-AC20-0D21989931D4}.Release|Win32.ActiveCfg = Release|Win32
		{10C5849F-D8A2-4B68-AC20-0D21989931D4}.Release|Win32.Build.0 = Release|Win32
		{10C5849F-D8A2-4B68-AC20-0D21989931D4}.Release|x64.ActiveCfg = Release|x64
		{10C5849F-D8A2-4B68-AC20-0D21989931D4}.Release|x64.Build.0 = Release|x64
		{4F8878CF-39B0-468C-93A9-A9C1D9A475CF}.Debug|Win32.ActiveCfg = Debug|Win32
		{4F8878CF-39B0-468C-93A9-A9C1D9A475CF}.Debug|Win32.Build.0 = Debug|Win32
		{4F8878CF-39B0-468C-93A9-A9C1D9A475CF}.Debug|x64.ActiveCfg = Debug|x64
		{4F8878CF-39B0-468C-93A9-A9C1D9A475CF}.Debug|x64.Build.0 = Debug|x64
		{4F8878CF-39B0-468C-93A9-A9C1D9A475CF}.Release|Win32.ActiveCfg = Release|Win32
		{4F8878CF-39B0-468C-93A9-A9C1D9A475CF}.Release|Win32.Build.0 = Release|Win32
		{4F8878CF-39B0-468C-93A9-A9C1D9A475CF}.Release|x64.ActiveCfg = Release|x64
		{4F8878CF-39B0-468C-93A9-A9C1D9A475CF}.Release|x64.Build.0 = Release|x64
		{7E46CD59-4B6B-4801-8DA8-E315518AC956}.Debug|Win32.ActiveCfg = Debug|Win32
		{7E46CD59-4B6B-4801-8DA8-E315518AC956}.Debug|Win32.Build.0 = Debug|Win32
		{7E46CD59-4B6B-4801-8DA8-E315518AC956}.Debug|x64.ActiveCfg = Debug|x64
		{7E46CD59-4B6B-4801-8DA8-E315518AC956}.Debug|x64.Build.0 = Debug|x64
		{7E46CD59-4B6B-4801-8DA8-E315518AC956}.Release|Win32.ActiveCfg = Release|Win32
		{7E46CD59-4B6B-4801-8DA8-E315518AC956}.Release|Win32.Build.0 = Release|Win32
		{7E46CD59-4B6B-4801-8DA8-E315518AC956}.Release|x64.ActiveCfg = Release|x64
		{7E46CD59-4B6B-4801-8DA8-E315518AC956}.Release|x64.Build.0 = Release|x64
		{6599F105-0BD9-4F4F-B4EF-5D656D803A59}.Debug|Win32.ActiveCfg = Debug|Win32
		{6599F105-0BD9-4F4F-B4EF-5D656D803A59}.Debug|Win32.Build.0 = Debug|Win32
		{6599F105-0BD9-4F4F-B4EF-5D656D803A59}.Debug|x64.ActiveCfg = Debug|x64
		{6599F105-0BD9-4F4F-B4EF-5D656D803A59}.Debug|x64.Build.0 = Debug|x64
		{6599F105-0BD9-4F4F-B4EF-5D656D803A59}.Release|Win32.ActiveCfg = Release|Win32
		{6599F105-0BD9-4F4F-B4EF-5D656D803A59}.Release|Win32.Build.0 = Release|Win32
		{6599F105-0BD9-4F4F-B4EF-5D656D803A59}.Release|x64.ActiveCfg = Release|x64
		{6599F105-0BD9-4F4F-B4EF-5D656D803A59}.Release|x64.Build.0 = Release|x64
		{A6E79B78-5427-4176-B234-DD1FEC6D9A7F}.Debug|Win32.ActiveCfg = Debug|Win32
		{A6E79B78-5427-4176-B234-DD1FEC6D9A7F}.Debug|Win32.Build.0 = Debug|Win32
		{A6E79B78-5427-4176-B234-DD1FEC6D9A7F}.Debug|x64.ActiveCfg = Debug|x64
		{A6E79B78-5427-4176-B234-DD1FEC6D9A7F}.Debug|x64.Build.0 = Debug|x64
		{A6E79B78-5427-4176-B234-DD1FEC6D9A7F}.Release|Win32.ActiveCfg = Release|Win32
		{A6E79B78-5427-4176-B234-DD1FEC6D9A7F}.Release|Win32.Build.0 = Release|Win32
		{A6E79B78-5427-4176-B234-DD1FEC6D9A7F}.Release|x64.ActiveCfg = Release|x64
		{A6E79B78-5427-4176-B234-DD1FEC6D9A7F}.Release|x64.Build.0 = Release|x64
		{A5EFC924-6CBE-4C8E-B785-CDB85395A158}.Debug|Win32.ActiveCfg = Debug|Win32
		{A5EFC924-6CBE-4C8E-B785-CDB85395A158}.Debug|Win32.Build.0 = Debug|Win32
		{A5EFC924-6CBE-4C8E-B785-CDB85395A158}.Debug|x64.ActiveCfg = Debug|x64
		{A5EFC924-6CBE-4C8E-B785-CDB85395A158}.Debug|x64.Build.0 = Debug|x64
		{A5EFC924-6CBE-4C8E-B785-CDB85395A158}.Release|Win32.ActiveCfg = Release|Win32
		{A5EFC924-6CBE-4C8E-B785-CDB85395A158}.Release|Win32.Build.0 = Release|Win32
		{A5EFC924-6CBE-4C8E-B785-CDB85395A158}.Release|x64.ActiveCfg = Release|x64
		{A5EFC924-6CBE-4C8E-B785-CDB85395A158}.Release|x64.Build.0 = Release|x64
		{7AE0D643-B262-4DA8-948E-5CA00B35C9A0}.Debug|Win32.ActiveCfg = Debug|Win32
		{7AE0D643-B262-4DA8-948E-5CA00B35C9A0}.Debug|Win32.Build.0 = Debug|Win32
		{7AE0D643-B262-4DA8-948E-5CA00B35C9A0}.Debug|x64.ActiveCfg = Debug|x64
		{7AE0D643-B262-4DA8-948E-5CA00B35C9A0}.Debug|x64.Build.0 = Debug|x64
		{7AE0D643-B262-4DA8-948E-5CA00B35C9A0}.Release|Win32.ActiveCfg = Release|Win32
		{7AE0D643-B262-4DA8-948E-5CA00B35C9A0}.Release|Win32.Build.0 = Release|Win32
		{7AE0D643-B262-4DA8-948E-5CA00B35C9A0}.Release|x64.ActiveCfg = Release|x64
		{7AE0D643-B262-4DA8-948E-5CA00B35C9A0}.Release|x64.Build.0 = Release|x64
		{2E7AF33B-29C7-474F-A0BD-E431D83B366C}.Debug|Win32.ActiveCfg = Debug|Win32
		{2E7AF33B-29C7-474F-A0BD-E431D83B366C}.Debug|Win32.Build.0 = Debug|Win32
		{2E7AF33B-29C7-474F-A0BD-E431D83B366C}.Debug|x64.ActiveCfg = Debug|x64
		{2E7AF33B-29C7-474F-A0BD-E431D83B366C}.Debug|x64.Build.0 = Debug|x64
		{2E7AF33B-29C7-474F-A0BD-E431D83B366C}.Release|Win32.ActiveCfg = Release|Win32
		{2E7AF33B-29C7-474F-A0BD-E431D83B366C}.Release|Win32.Build.0 = Release|Win32
		{2E7AF33B-29C7-474F-A0BD-E431D83B366C}.Release|x64.ActiveCfg = Release|x64
		{2E7AF33B-29C7-474F-A0BD-E431D83B366C}.Release|x64.Build.0 = Release|x64
		{A835E116-D711-4F17-9A63-8D8CE2AF3B9B}.Debug|Win32.ActiveCfg = Debug|Win32
		{A835E116-D711-4F17-9A63-8D8CE2AF3B9B}.Debug|Win32.Build.0 = Debug|Win32
		{A835E116-D711-4F17-9A63-8D8CE2AF3B9B}.Debug|x64.ActiveCfg = Debug|x64
		{A835E116-D711-4F17-9A63-8D8CE2AF3B9B}.Debug|x64.Build.0 = Debug|x64
		{A835E116-D711-4F17-9A63-8D8CE2AF3B9B}.Release|Win32.ActiveCfg = Release|Win32
		{A835E116-D711-4F17-9A63-8D8CE2AF3B9B}.Release|Win32.Build.0 = Release|Win32
		{A835E116-D711-4F17-9A63-8D8CE2AF3B9B}.Release|x64.ActiveCfg = Release|x64
		{A835E116-D711-4F17-9A63-8D8CE2AF3B9B}.Release|x64.Build.0 = Release|x64
		{560D4F1E-96E3-4DDC-87D2-0DA3D6CA4093}.Debug|Win32.ActiveCfg = Debug|Win32
		{560D4F1E-96E3-4DDC-87D2-0DA3D6CA4093}.Debug|Win32.Build.0 = Debug|Win32
		{560D4F1E-96E3-4DDC-87D2-0DA3D6CA4093}.Debug|x64.ActiveCfg = Debug|x64
		{560D4F1E-96E3-4DDC-87D2-0DA3D6CA4093}.Debug|x64.Build.0 = Debug|x64
		{560D4F1E-96E3-4DDC-87D2-0DA3D6CA4093}.Release|Win32.ActiveCfg = Release|Win32
		{560D4F1E-96E3-4DDC-87D2-0DA3D6CA4093}.Release|Win32.Build.0 = Release|Win32
		{560D4F1E-96E3-4DDC-87D2-0DA3D6CA4093}.Release|x64.ActiveCfg = Release|x64
		{560D4F1E-96E3-4DDC-87D2-0DA3D6CA4093}.Release|x64.Build.0 = Release|x64
	EndGlobalSection
	GlobalSection(SolutionProperties) = preSolution
		HideSolutionNode = FALSE
	EndGlobalSection
EndGlobal
