<?xml version="1.0" encoding="utf-8"?>
<Project ToolsVersion="4.0" xmlns="http://schemas.microsoft.com/developer/msbuild/2003">
  <ItemGroup>
    <Filter Include="meshellx">
      <UniqueIdentifier>{43fb43e2-2820-49d9-9ec6-3bbffa230fa0}</UniqueIdentifier>
    </Filter>
  </ItemGroup>
  <ItemGroup>
    <ClCompile Include="..\source\meshellx\config.cpp">
      <Filter>meshellx</Filter>
    </ClCompile>
    <ClCompile Include="..\source\EditWithMyApp.cpp" />
    <ClCompile Include="..\source\MyShellExt.cpp" />
    <ClCompile Include="..\source\ResourceFuncs.cpp" />
  </ItemGroup>
  <ItemGroup>
    <ClInclude Include="..\source\meshellx\config.h">
      <Filter>meshellx</Filter>
    </ClInclude>
    <ClInclude Include="..\source\meshellx\resource.h">
      <Filter>meshellx</Filter>
    </ClInclude>
    <ClInclude Include="..\source\EditWithMyApp.h" />
    <ClInclude Include="..\source\ResourceFuncs.h" />
    <ClInclude Include="..\source\stdafx.h" />
    <ClInclude Include="..\source\targetver.h" />
  </ItemGroup>
  <ItemGroup>
    <ResourceCompile Include="..\source\meshellx\EditWithMyApp.rc">
      <Filter>meshellx</Filter>
    </ResourceCompile>
  </ItemGroup>
  <ItemGroup>
    <None Include="..\source\meshellx\meshellx32.def">
      <Filter>meshellx</Filter>
    </None>
    <None Include="..\source\meshellx\meshellx64.def">
      <Filter>meshellx</Filter>
    </None>
  </ItemGroup>
</Project>